
Microsoft Visual Studio Solution File, Format Version 12.00
# Visual Studio Version 17
VisualStudioVersion = 17.0.32112.339
MinimumVisualStudioVersion = 10.0.40219.1
Project("{9A19103F-16F7-4668-BE54-9A1E7A4F7556}") = "Lesson_7.app", "Lesson_7.app\Lesson_7.app.csproj", "{84B6D2B1-185F-485D-8B8E-B20693012225}"
EndProject
Project("{FAE04EC0-301F-11D3-BF4B-00C04F79EFBC}") = "RedactedILdasmFile", "..\RedactedILdasmFile\RedactedILdasmFile.csproj", "{DFCA438D-6DBB-440E-879E-AE78B1E51FD9}"
EndProject
Global
	GlobalSection(SolutionConfigurationPlatforms) = preSolution
		Debug|Any CPU = Debug|Any CPU
		Release|Any CPU = Release|Any CPU
	EndGlobalSection
	GlobalSection(ProjectConfigurationPlatforms) = postSolution
		{84B6D2B1-185F-485D-8B8E-B20693012225}.Debug|Any CPU.ActiveCfg = Debug|Any CPU
		{84B6D2B1-185F-485D-8B8E-B20693012225}.Debug|Any CPU.Build.0 = Debug|Any CPU
		{84B6D2B1-185F-485D-8B8E-B20693012225}.Release|Any CPU.ActiveCfg = Release|Any CPU
		{84B6D2B1-185F-485D-8B8E-B20693012225}.Release|Any CPU.Build.0 = Release|Any CPU
		{DFCA438D-6DBB-440E-879E-AE78B1E51FD9}.Debug|Any CPU.ActiveCfg = Debug|Any CPU
		{DFCA438D-6DBB-440E-879E-AE78B1E51FD9}.Debug|Any CPU.Build.0 = Debug|Any CPU
		{DFCA438D-6DBB-440E-879E-AE78B1E51FD9}.Release|Any CPU.ActiveCfg = Release|Any CPU
		{DFCA438D-6DBB-440E-879E-AE78B1E51FD9}.Release|Any CPU.Build.0 = Release|Any CPU
	EndGlobalSection
	GlobalSection(SolutionProperties) = preSolution
		HideSolutionNode = FALSE
	EndGlobalSection
	GlobalSection(ExtensibilityGlobals) = postSolution
		SolutionGuid = {9C390657-6E2A-4908-B4F2-0F8C5DC00026}
	EndGlobalSection
EndGlobal
